{
  "name": "visual",
  "lockfileVersion": 1,
  "dependencies": {
    "@types/d3": {
      "version": "4.9.0",
      "resolved": "https://registry.npmjs.org/@types/d3/-/d3-4.9.0.tgz",
      "integrity": "sha1-TkUYxMz0Qu3UN6WO5fUSm+YTQrk="
    },
    "@types/d3-array": {
      "version": "1.2.0",
      "resolved": "https://registry.npmjs.org/@types/d3-array/-/d3-array-1.2.0.tgz",
      "integrity": "sha1-mx/DIC/BqffaDyhzvTi0QxN6nTQ="
    },
    "@types/d3-axis": {
      "version": "1.0.8",
      "resolved": "https://registry.npmjs.org/@types/d3-axis/-/d3-axis-1.0.8.tgz",
      "integrity": "sha1-hKdpgjuEFhEBcco2GCJ2EHJuccQ="
    },
    "@types/d3-brush": {
      "version": "1.0.7",
      "resolved": "https://registry.npmjs.org/@types/d3-brush/-/d3-brush-1.0.7.tgz",
      "integrity": "sha1-BcMEQPTVN/0j+Xaw5sS6IjAB70U="
    },
    "@types/d3-chord": {
      "version": "1.0.6",
      "resolved": "https://registry.npmjs.org/@types/d3-chord/-/d3-chord-1.0.6.tgz",
      "integrity": "sha1-BYnrl6MZH07a8Xt73kmEYokM4ew="
    },
    "@types/d3-collection": {
      "version": "1.0.5",
      "resolved": "https://registry.npmjs.org/@types/d3-collection/-/d3-collection-1.0.5.tgz",
      "integrity": "sha1-ux86qXzcjYgWRVQbnWz4ft/um8M="
    },
    "@types/d3-color": {
      "version": "1.0.5",
      "resolved": "https://registry.npmjs.org/@types/d3-color/-/d3-color-1.0.5.tgz",
      "integrity": "sha1-ytdV8Pxt57cPpuXgivqB70wiSN4="
    },
    "@types/d3-dispatch": {
      "version": "1.0.5",
      "resolved": "https://registry.npmjs.org/@types/d3-dispatch/-/d3-dispatch-1.0.5.tgz",
      "integrity": "sha1-8fkYe1OOywUVdWnY3C9w37BPG1I="
    },
    "@types/d3-drag": {
      "version": "1.1.0",
      "resolved": "https://registry.npmjs.org/@types/d3-drag/-/d3-drag-1.1.0.tgz",
      "integrity": "sha1-kQXjXKWKoMR4PzzoMIK8skzLaWA="
    },
    "@types/d3-dsv": {
      "version": "1.0.30",
      "resolved": "https://registry.npmjs.org/@types/d3-dsv/-/d3-dsv-1.0.30.tgz",
      "integrity": "sha1-eODd3eQoNWb0Y+UVUal6Y8Fw1ag="
    },
    "@types/d3-ease": {
      "version": "1.0.7",
      "resolved": "https://registry.npmjs.org/@types/d3-ease/-/d3-ease-1.0.7.tgz",
      "integrity": "sha1-k6MBhovp4VBh89RDQ7GrP4rLbwk="
    },
    "@types/d3-force": {
      "version": "1.0.7",
      "resolved": "https://registry.npmjs.org/@types/d3-force/-/d3-force-1.0.7.tgz",
      "integrity": "sha1-jjxTNpcUPrtwJ11WhAIG6Lp4kYU="
    },
    "@types/d3-format": {
      "version": "1.2.0",
      "resolved": "https://registry.npmjs.org/@types/d3-format/-/d3-format-1.2.0.tgz",
      "integrity": "sha1-PhKO/J5t0J34/SHx2YGraOFAqKI="
    },
    "@types/d3-geo": {
      "version": "1.6.3",
      "resolved": "https://registry.npmjs.org/@types/d3-geo/-/d3-geo-1.6.3.tgz",
      "integrity": "sha1-IbUB0f4iTYiHfzn4TLjJ3Yqhvyg="
    },
    "@types/d3-hierarchy": {
      "version": "1.1.0",
      "resolved": "https://registry.npmjs.org/@types/d3-hierarchy/-/d3-hierarchy-1.1.0.tgz",
      "integrity": "sha1-UPHuBShAY4A1y91KyrH8NHCQWQc="
    },
    "@types/d3-interpolate": {
      "version": "1.1.6",
      "resolved": "https://registry.npmjs.org/@types/d3-interpolate/-/d3-interpolate-1.1.6.tgz",
      "integrity": "sha1-ZAQbFcnAMsNI2hsiuqvFn6TRYTY="
    },
    "@types/d3-path": {
      "version": "1.0.6",
      "resolved": "https://registry.npmjs.org/@types/d3-path/-/d3-path-1.0.6.tgz",
      "integrity": "sha512-YHW4cs+wOU9gFUzudjJs9TkrB/8GOgKhq32ZyNaZ2rzZjOhkqG486sGr9XSh4C91CcgIg1FRGoDaN29Ropx9nw=="
    },
    "@types/d3-polygon": {
      "version": "1.0.5",
      "resolved": "https://registry.npmjs.org/@types/d3-polygon/-/d3-polygon-1.0.5.tgz",
      "integrity": "sha1-Na1U7YTDnX6fElK2U1vmAL5srOI="
    },
    "@types/d3-quadtree": {
      "version": "1.0.5",
      "resolved": "https://registry.npmjs.org/@types/d3-quadtree/-/d3-quadtree-1.0.5.tgz",
      "integrity": "sha1-HOHmWerkUw3wyxJ/KX8XQaNnqC4="
    },
    "@types/d3-queue": {
      "version": "3.0.5",
      "resolved": "https://registry.npmjs.org/@types/d3-queue/-/d3-queue-3.0.5.tgz",
      "integrity": "sha1-Pky+Kv9h22oLK4xIACmeTsasyFA="
    },
    "@types/d3-random": {
      "version": "1.1.0",
      "resolved": "https://registry.npmjs.org/@types/d3-random/-/d3-random-1.1.0.tgz",
      "integrity": "sha1-LdCPEVnHBxknDkp8g0r4XIuI0sM="
    },
    "@types/d3-request": {
      "version": "1.0.2",
      "resolved": "https://registry.npmjs.org/@types/d3-request/-/d3-request-1.0.2.tgz",
      "integrity": "sha1-2524FU9HgWWEcGxub3Ar5m8i9L4="
    },
    "@types/d3-scale": {
      "version": "1.0.10",
      "resolved": "https://registry.npmjs.org/@types/d3-scale/-/d3-scale-1.0.10.tgz",
      "integrity": "sha512-2CCyRc9o7oawNqNXuv6P1QBFH4PYnZt4IZK6J5nKykQjzezPC/RqCeRDBTk0JhBC8pLcLWYzGR6G2zG2OUwPag=="
    },
    "@types/d3-selection": {
      "version": "1.1.0",
      "resolved": "https://registry.npmjs.org/@types/d3-selection/-/d3-selection-1.1.0.tgz",
      "integrity": "sha1-WbiPENLP99n/1/6Yazqu894EgiQ="
    },
    "@types/d3-shape": {
      "version": "1.2.0",
      "resolved": "https://registry.npmjs.org/@types/d3-shape/-/d3-shape-1.2.0.tgz",
      "integrity": "sha1-UgoS04Z+YdH9Scdaj/p85ZbKtD4="
    },
    "@types/d3-time": {
      "version": "1.0.6",
      "resolved": "https://registry.npmjs.org/@types/d3-time/-/d3-time-1.0.6.tgz",
      "integrity": "sha1-QgDlda7lke5weNSlwjXf9p2t94I="
    },
    "@types/d3-time-format": {
      "version": "2.0.5",
      "resolved": "https://registry.npmjs.org/@types/d3-time-format/-/d3-time-format-2.0.5.tgz",
      "integrity": "sha1-HUxbp37VNSsQx/zgYsiDOC8eFuA="
    },
    "@types/d3-timer": {
      "version": "1.0.6",
      "resolved": "https://registry.npmjs.org/@types/d3-timer/-/d3-timer-1.0.6.tgz",
      "integrity": "sha1-eG1OIHMa3wOvLF32yG/ilmf+Qps="
    },
    "@types/d3-transition": {
      "version": "1.1.0",
      "resolved": "https://registry.npmjs.org/@types/d3-transition/-/d3-transition-1.1.0.tgz",
      "integrity": "sha1-dEddSo+KCUSlF9XvhhlwzDAofkA="
    },
    "@types/d3-voronoi": {
      "version": "1.1.6",
      "resolved": "https://registry.npmjs.org/@types/d3-voronoi/-/d3-voronoi-1.1.6.tgz",
      "integrity": "sha1-tSJSwdYZcufHURNYkK6hEtXa3G0="
    },
    "@types/d3-zoom": {
      "version": "1.3.0",
      "resolved": "https://registry.npmjs.org/@types/d3-zoom/-/d3-zoom-1.3.0.tgz",
      "integrity": "sha512-ynEwHgrsygbapCHDvBjv5aITklc6K43tAiSLqm9BD5ZwDuoMupiM+6pkuc7rjJTeWpP/PRK4LgjlTIcdaMsobg=="
    },
    "@types/geojson": {
      "version": "1.0.2",
      "resolved": "https://registry.npmjs.org/@types/geojson/-/geojson-1.0.2.tgz",
      "integrity": "sha1-sC0QqwKOKSisWSoFGqpJgaGUHQM="
    },
    "ansi-regex": {
      "version": "2.1.1",
      "resolved": "https://registry.npmjs.org/ansi-regex/-/ansi-regex-2.1.1.tgz",
      "integrity": "sha1-w7M6te42DYbg5ijwRorn7yfWVN8=",
      "dev": true
    },
    "ansi-styles": {
      "version": "2.2.1",
      "resolved": "https://registry.npmjs.org/ansi-styles/-/ansi-styles-2.2.1.tgz",
      "integrity": "sha1-tDLdM1i2NM914eRmQ2gkBTPB3b4=",
      "dev": true
    },
    "babel-code-frame": {
      "version": "6.22.0",
      "resolved": "https://registry.npmjs.org/babel-code-frame/-/babel-code-frame-6.22.0.tgz",
      "integrity": "sha1-AnYgvuVnqIwyVhV05/0IAdMxGOQ=",
      "dev": true
    },
    "balanced-match": {
      "version": "1.0.0",
      "resolved": "https://registry.npmjs.org/balanced-match/-/balanced-match-1.0.0.tgz",
      "integrity": "sha1-ibTRmasr7kneFk6gK4nORi1xt2c=",
      "dev": true
    },
    "brace-expansion": {
      "version": "1.1.8",
      "resolved": "https://registry.npmjs.org/brace-expansion/-/brace-expansion-1.1.8.tgz",
      "integrity": "sha1-wHshHHyVLsH479Uad+8NHTmQopI=",
      "dev": true
    },
    "chalk": {
      "version": "1.1.3",
      "resolved": "https://registry.npmjs.org/chalk/-/chalk-1.1.3.tgz",
      "integrity": "sha1-qBFcVeSnAv5NFQq9OHKCKn4J/Jg=",
      "dev": true
    },
    "colors": {
      "version": "1.1.2",
      "resolved": "https://registry.npmjs.org/colors/-/colors-1.1.2.tgz",
      "integrity": "sha1-FopHAXVran9RoSzgyXv6KMCE7WM=",
      "dev": true
    },
    "commander": {
      "version": "2.10.0",
      "resolved": "https://registry.npmjs.org/commander/-/commander-2.10.0.tgz",
      "integrity": "sha512-q/r9trjmuikWDRJNTBHAVnWhuU6w+z80KgBq7j9YDclik5E7X4xi0KnlZBNFA1zOQ+SH/vHMWd2mC9QTOz7GpA=="
    },
    "concat-map": {
      "version": "0.0.1",
      "resolved": "https://registry.npmjs.org/concat-map/-/concat-map-0.0.1.tgz",
      "integrity": "sha1-2Klr13/Wjfd5OnMDajug1UBdR3s=",
      "dev": true
    },
    "d3": {
      "version": "4.9.1",
      "resolved": "https://registry.npmjs.org/d3/-/d3-4.9.1.tgz",
      "integrity": "sha1-+GC+klImGjwU7qZLHSWQ0U9NuDg="
    },
    "d3-array": {
      "version": "1.2.0",
      "resolved": "https://registry.npmjs.org/d3-array/-/d3-array-1.2.0.tgz",
      "integrity": "sha1-FH0mlyDhdMQFen9CvosPPyulMQg="
    },
    "d3-axis": {
      "version": "1.0.7",
      "resolved": "https://registry.npmjs.org/d3-axis/-/d3-axis-1.0.7.tgz",
      "integrity": "sha1-BIQz0wcGH2LR0kjikwwB17ZzjNg="
    },
    "d3-brush": {
      "version": "1.0.4",
      "resolved": "https://registry.npmjs.org/d3-brush/-/d3-brush-1.0.4.tgz",
      "integrity": "sha1-AMLyOAGfJPbAoZSibUGhUw/+e8Q="
    },
    "d3-chord": {
      "version": "1.0.4",
      "resolved": "https://registry.npmjs.org/d3-chord/-/d3-chord-1.0.4.tgz",
      "integrity": "sha1-fexPC6iG9xP+ERxF92NBT290yiw="
    },
    "d3-collection": {
      "version": "1.0.3",
      "resolved": "https://registry.npmjs.org/d3-collection/-/d3-collection-1.0.3.tgz",
      "integrity": "sha1-AL3qlPvBYo1DWruuL03CFk433TQ="
    },
    "d3-color": {
      "version": "1.0.3",
      "resolved": "https://registry.npmjs.org/d3-color/-/d3-color-1.0.3.tgz",
      "integrity": "sha1-vHZD/KjlOoNH4vva/6I2eWtYUJs="
    },
    "d3-dispatch": {
      "version": "1.0.3",
      "resolved": "https://registry.npmjs.org/d3-dispatch/-/d3-dispatch-1.0.3.tgz",
      "integrity": "sha1-RuFJHqqbWMNY/OW+TovtYm54cfg="
    },
    "d3-drag": {
      "version": "1.1.0",
      "resolved": "https://registry.npmjs.org/d3-drag/-/d3-drag-1.1.0.tgz",
      "integrity": "sha1-Skm013pC6ePVoO87SSsUqqLlpzM="
    },
    "d3-dsv": {
      "version": "1.0.5",
      "resolved": "https://registry.npmjs.org/d3-dsv/-/d3-dsv-1.0.5.tgz",
      "integrity": "sha1-QZ99tH9ih4n8P9tjbmeESdCCETY="
    },
    "d3-ease": {
      "version": "1.0.3",
      "resolved": "https://registry.npmjs.org/d3-ease/-/d3-ease-1.0.3.tgz",
      "integrity": "sha1-aL+8NJM4o4DETYrMT7wzBKotjA4="
    },
    "d3-force": {
      "version": "1.0.6",
      "resolved": "https://registry.npmjs.org/d3-force/-/d3-force-1.0.6.tgz",
      "integrity": "sha1-6n4bdzDiZkzTFPWU1nGMV8wTK3k="
    },
    "d3-format": {
      "version": "1.2.0",
      "resolved": "https://registry.npmjs.org/d3-format/-/d3-format-1.2.0.tgz",
      "integrity": "sha1-a0gLqohohdRlHcJIqPSsnaFtsHo="
    },
    "d3-geo": {
      "version": "1.6.4",
      "resolved": "https://registry.npmjs.org/d3-geo/-/d3-geo-1.6.4.tgz",
      "integrity": "sha1-8g4eRhyxhF9ai+Vatvh2VCp+MZk="
    },
    "d3-hierarchy": {
      "version": "1.1.4",
      "resolved": "https://registry.npmjs.org/d3-hierarchy/-/d3-hierarchy-1.1.4.tgz",
      "integrity": "sha1-lsOULz8hz5l6EbTt8A3eKne0xtA="
    },
    "d3-interpolate": {
      "version": "1.1.5",
      "resolved": "https://registry.npmjs.org/d3-interpolate/-/d3-interpolate-1.1.5.tgz",
      "integrity": "sha1-aeCZ/zkhRxblY8muw+qdHqS4p58="
    },
    "d3-path": {
      "version": "1.0.5",
      "resolved": "https://registry.npmjs.org/d3-path/-/d3-path-1.0.5.tgz",
      "integrity": "sha1-JB6xhJvZ6egCHA0KeZ+KDo5EF2Q="
    },
    "d3-polygon": {
      "version": "1.0.3",
      "resolved": "https://registry.npmjs.org/d3-polygon/-/d3-polygon-1.0.3.tgz",
      "integrity": "sha1-FoiOkCZGCTPysXllKtN4Ik04LGI="
    },
    "d3-quadtree": {
      "version": "1.0.3",
      "resolved": "https://registry.npmjs.org/d3-quadtree/-/d3-quadtree-1.0.3.tgz",
      "integrity": "sha1-rHmH4+I/6AWpkPKOG1DTj8uCJDg="
    },
    "d3-queue": {
      "version": "3.0.7",
      "resolved": "https://registry.npmjs.org/d3-queue/-/d3-queue-3.0.7.tgz",
      "integrity": "sha1-yTouVLQXwJWRKdfXP2z31Ckudhg="
    },
    "d3-random": {
      "version": "1.1.0",
      "resolved": "https://registry.npmjs.org/d3-random/-/d3-random-1.1.0.tgz",
      "integrity": "sha1-ZkLlBsb6OmSFldKyRpeIqNElKdM="
    },
    "d3-request": {
      "version": "1.0.5",
      "resolved": "https://registry.npmjs.org/d3-request/-/d3-request-1.0.5.tgz",
      "integrity": "sha1-TarpRtHdDVff4B8CKVY1SVjVHyM="
    },
    "d3-scale": {
      "version": "1.0.6",
      "resolved": "https://registry.npmjs.org/d3-scale/-/d3-scale-1.0.6.tgz",
      "integrity": "sha1-vOGdqA06DPQiyVQ64zIghiILNO0="
    },
    "d3-selection": {
      "version": "1.1.0",
      "resolved": "https://registry.npmjs.org/d3-selection/-/d3-selection-1.1.0.tgz",
      "integrity": "sha1-GZhoSJZIj4OcoDchI9o08dMYgJw="
    },
    "d3-shape": {
      "version": "1.1.1",
      "resolved": "https://registry.npmjs.org/d3-shape/-/d3-shape-1.1.1.tgz",
      "integrity": "sha1-UKEDfkinn1uP2dWM3lJ5musfdyM="
    },
    "d3-time": {
      "version": "1.0.6",
      "resolved": "https://registry.npmjs.org/d3-time/-/d3-time-1.0.6.tgz",
      "integrity": "sha1-pVsT19FdOhYK6RcIIy4INfHV6UU="
    },
    "d3-time-format": {
      "version": "2.0.5",
      "resolved": "https://registry.npmjs.org/d3-time-format/-/d3-time-format-2.0.5.tgz",
      "integrity": "sha1-nXeAIE98kRnJFwsaVttN6aivly4="
    },
    "d3-timer": {
      "version": "1.0.5",
      "resolved": "https://registry.npmjs.org/d3-timer/-/d3-timer-1.0.5.tgz",
      "integrity": "sha1-smbUdscbDSaeesXzUrQQo7b+bvA="
    },
    "d3-transition": {
      "version": "1.1.0",
      "resolved": "https://registry.npmjs.org/d3-transition/-/d3-transition-1.1.0.tgz",
      "integrity": "sha1-z8hcdOUjkyQpBUZiNXKZBWDDlm8="
    },
    "d3-voronoi": {
      "version": "1.1.2",
      "resolved": "https://registry.npmjs.org/d3-voronoi/-/d3-voronoi-1.1.2.tgz",
      "integrity": "sha1-Fodmfo8TotFYyAwUgMWinLDYlzw="
    },
    "d3-zoom": {
      "version": "1.2.0",
      "resolved": "https://registry.npmjs.org/d3-zoom/-/d3-zoom-1.2.0.tgz",
      "integrity": "sha1-syMfT5OGJBR13v4cVXv9P94QZfs="
    },
    "diff": {
      "version": "3.2.0",
      "resolved": "https://registry.npmjs.org/diff/-/diff-3.2.0.tgz",
      "integrity": "sha1-yc45Okt8vQsFinJck98pkCeGj/k=",
      "dev": true
    },
    "escape-string-regexp": {
      "version": "1.0.5",
      "resolved": "https://registry.npmjs.org/escape-string-regexp/-/escape-string-regexp-1.0.5.tgz",
      "integrity": "sha1-G2HAViGQqN/2rjuyzwIAyhMLhtQ=",
      "dev": true
    },
    "esutils": {
      "version": "2.0.2",
      "resolved": "https://registry.npmjs.org/esutils/-/esutils-2.0.2.tgz",
      "integrity": "sha1-Cr9PHKpbyx96nYrMbepPqqBLrJs=",
      "dev": true
    },
    "fs.realpath": {
      "version": "1.0.0",
      "resolved": "https://registry.npmjs.org/fs.realpath/-/fs.realpath-1.0.0.tgz",
      "integrity": "sha1-FQStJSMVjKpA20onh8sBQRmU6k8=",
      "dev": true
    },
    "glob": {
      "version": "7.1.2",
      "resolved": "https://registry.npmjs.org/glob/-/glob-7.1.2.tgz",
      "integrity": "sha512-MJTUg1kjuLeQCJ+ccE4Vpa6kKVXkPYJ2mOCQyUuKLcLQsdrMCpBPUi8qVE6+YuaJkozeA9NusTAw3hLr8Xe5EQ==",
      "dev": true
    },
    "graceful-readlink": {
      "version": "1.0.1",
      "resolved": "https://registry.npmjs.org/graceful-readlink/-/graceful-readlink-1.0.1.tgz",
      "integrity": "sha1-TK+tdrxi8C+gObL5Tpo906ORpyU="
    },
    "has-ansi": {
      "version": "2.0.0",
      "resolved": "https://registry.npmjs.org/has-ansi/-/has-ansi-2.0.0.tgz",
      "integrity": "sha1-NPUEnOHs3ysGSa8+8k5F7TVBbZE=",
      "dev": true
    },
    "iconv-lite": {
      "version": "0.4.18",
      "resolved": "https://registry.npmjs.org/iconv-lite/-/iconv-lite-0.4.18.tgz",
      "integrity": "sha512-sr1ZQph3UwHTR0XftSbK85OvBbxe/abLGzEnPENCQwmHf7sck8Oyu4ob3LgBxWWxRoM+QszeUyl7jbqapu2TqA=="
    },
    "inflight": {
      "version": "1.0.6",
      "resolved": "https://registry.npmjs.org/inflight/-/inflight-1.0.6.tgz",
      "integrity": "sha1-Sb1jMdfQLQwJvJEKEHW6gWW1bfk=",
      "dev": true
    },
    "inherits": {
      "version": "2.0.3",
      "resolved": "https://registry.npmjs.org/inherits/-/inherits-2.0.3.tgz",
      "integrity": "sha1-Yzwsg+PaQqUC9SRmAiSA9CCCYd4=",
      "dev": true
    },
    "js-tokens": {
      "version": "3.0.1",
      "resolved": "https://registry.npmjs.org/js-tokens/-/js-tokens-3.0.1.tgz",
      "integrity": "sha1-COnxMkhKLEWjCQfp3E1VZ7fxFNc=",
      "dev": true
    },
    "minimatch": {
      "version": "3.0.4",
      "resolved": "https://registry.npmjs.org/minimatch/-/minimatch-3.0.4.tgz",
      "integrity": "sha512-yJHVQEhyqPLUTgt9B83PXu6W3rx4MvvHvSUvToogpwoGDOUQ+yDrR0HRot+yOCdCO7u4hX3pWft6kWBBcqh0UA==",
      "dev": true
    },
    "once": {
      "version": "1.4.0",
      "resolved": "https://registry.npmjs.org/once/-/once-1.4.0.tgz",
      "integrity": "sha1-WDsap3WWHUsROsF9nFC6753Xa9E=",
      "dev": true
    },
    "path-is-absolute": {
      "version": "1.0.1",
      "resolved": "https://registry.npmjs.org/path-is-absolute/-/path-is-absolute-1.0.1.tgz",
      "integrity": "sha1-F0uSaHNVNP+8es5r9TpanhtcX18=",
      "dev": true
    },
    "path-parse": {
      "version": "1.0.5",
      "resolved": "https://registry.npmjs.org/path-parse/-/path-parse-1.0.5.tgz",
      "integrity": "sha1-PBrfhx6pzWyUMbbqK9dKD/BVxME=",
      "dev": true
    },
    "powerbi-visuals-utils-dataviewutils": {
      "version": "https://registry.npmjs.org/powerbi-visuals-utils-dataviewutils/-/powerbi-visuals-utils-dataviewutils-1.2.0.tgz",
      "integrity": "sha1-WaHJgzVclYoj2ZAYlPZfFXUZMhM="
    },
    "resolve": {
      "version": "1.3.3",
      "resolved": "https://registry.npmjs.org/resolve/-/resolve-1.3.3.tgz",
      "integrity": "sha1-ZVkHw0aahoDcLeOidaj91paR8OU=",
      "dev": true
    },
    "rw": {
      "version": "1.3.3",
      "resolved": "https://registry.npmjs.org/rw/-/rw-1.3.3.tgz",
      "integrity": "sha1-P4Yt+pGrdmsUiF700BEkv9oHT7Q="
    },
    "semver": {
      "version": "5.3.0",
      "resolved": "https://registry.npmjs.org/semver/-/semver-5.3.0.tgz",
      "integrity": "sha1-myzl094C0XxgEq0yaqa00M9U+U8=",
      "dev": true
    },
    "strip-ansi": {
      "version": "3.0.1",
      "resolved": "https://registry.npmjs.org/strip-ansi/-/strip-ansi-3.0.1.tgz",
      "integrity": "sha1-ajhfuIU9lS1f8F0Oiq+UJ43GPc8=",
      "dev": true
    },
    "supports-color": {
      "version": "2.0.0",
      "resolved": "https://registry.npmjs.org/supports-color/-/supports-color-2.0.0.tgz",
      "integrity": "sha1-U10EXOa2Nj+kARcIRimZXp3zJMc=",
      "dev": true
    },
    "tslib": {
      "version": "1.7.1",
      "resolved": "https://registry.npmjs.org/tslib/-/tslib-1.7.1.tgz",
      "integrity": "sha1-vIAEFkaRkjp5/oN4u+s9ogF1OOw=",
      "dev": true
    },
    "tslint": {
      "version": "5.4.3",
      "resolved": "https://registry.npmjs.org/tslint/-/tslint-5.4.3.tgz",
      "integrity": "sha1-dhyEArgONHt3M6BDkKdXslNYBGc=",
      "dev": true
    },
    "tsutils": {
      "version": "2.4.0",
      "resolved": "https://registry.npmjs.org/tsutils/-/tsutils-2.4.0.tgz",
      "integrity": "sha1-rUzm26Dlo+2934Ymt8oEB4IYn+o=",
      "dev": true
    },
    "wrappy": {
      "version": "1.0.2",
      "resolved": "https://registry.npmjs.org/wrappy/-/wrappy-1.0.2.tgz",
      "integrity": "sha1-tSQ9jz7BqjXxNkYFvA0QNuMKtp8=",
      "dev": true
    },
    "xmlhttprequest": {
      "version": "1.8.0",
      "resolved": "https://registry.npmjs.org/xmlhttprequest/-/xmlhttprequest-1.8.0.tgz",
      "integrity": "sha1-Z/4HXFwk/vOfnWX197f+dRcZaPw="
    }
  }
}
